
Microsoft Visual Studio Solution File, Format Version 12.00
# Visual Studio Version 17
VisualStudioVersion = 17.14.36414.22
MinimumVisualStudioVersion = 10.0.40219.1
Project("{FAE04EC0-301F-11D3-BF4B-00C04F79EFBC}") = "01_AdoNet", "01_AdoNet\01_AdoNet.csproj", "{731674F5-F39E-471F-865D-D47D8F844842}"
EndProject
Project("{FAE04EC0-301F-11D3-BF4B-00C04F79EFBC}") = "01_AdoNet_2_ExecuteNonQuery", "01_AdoNet_2_ExecuteNonQuery\01_AdoNet_2_ExecuteNonQuery.csproj", "{220D4731-C724-4030-84A8-FCA976FFC172}"
EndProject
Project("{FAE04EC0-301F-11D3-BF4B-00C04F79EFBC}") = "01_AdoNet_3_ExecuteReader", "01_AdoNet_3_ExecuteReader\01_AdoNet_3_ExecuteReader.csproj", "{B65FFADB-9ECF-41B8-AD5D-6DC7E974A9EC}"
EndProject
Project("{FAE04EC0-301F-11D3-BF4B-00C04F79EFBC}") = "02_EntityFramework", "02_EntityFramework\02_EntityFramework.csproj", "{09C8D375-5147-4E68-984C-B707A9E295E7}"
EndProject
Project("{FAE04EC0-301F-11D3-BF4B-00C04F79EFBC}") = "03_EntityFramework_CodeFirst", "03_EntityFramework_CodeFirst\03_EntityFramework_CodeFirst.csproj", "{854F2E98-4A06-482A-BEC3-4B59D6AA0B3E}"
EndProject
Project("{FAE04EC0-301F-11D3-BF4B-00C04F79EFBC}") = "03_EntityFramework_CodeFirst_2", "03_EntityFramework_CodeFirst_2\03_EntityFramework_CodeFirst_2.csproj", "{1EF05F2B-5658-429C-AFF4-CA1956680383}"
EndProject
Global
	GlobalSection(SolutionConfigurationPlatforms) = preSolution
		Debug|Any CPU = Debug|Any CPU
		Release|Any CPU = Release|Any CPU
	EndGlobalSection
	GlobalSection(ProjectConfigurationPlatforms) = postSolution
		{731674F5-F39E-471F-865D-D47D8F844842}.Debug|Any CPU.ActiveCfg = Debug|Any CPU
		{731674F5-F39E-471F-865D-D47D8F844842}.Debug|Any CPU.Build.0 = Debug|Any CPU
		{731674F5-F39E-471F-865D-D47D8F844842}.Release|Any CPU.ActiveCfg = Release|Any CPU
		{731674F5-F39E-471F-865D-D47D8F844842}.Release|Any CPU.Build.0 = Release|Any CPU
		{220D4731-C724-4030-84A8-FCA976FFC172}.Debug|Any CPU.ActiveCfg = Debug|Any CPU
		{220D4731-C724-4030-84A8-FCA976FFC172}.Debug|Any CPU.Build.0 = Debug|Any CPU
		{220D4731-C724-4030-84A8-FCA976FFC172}.Release|Any CPU.ActiveCfg = Release|Any CPU
		{220D4731-C724-4030-84A8-FCA976FFC172}.Release|Any CPU.Build.0 = Release|Any CPU
		{B65FFADB-9ECF-41B8-AD5D-6DC7E974A9EC}.Debug|Any CPU.ActiveCfg = Debug|Any CPU
		{B65FFADB-9ECF-41B8-AD5D-6DC7E974A9EC}.Debug|Any CPU.Build.0 = Debug|Any CPU
		{B65FFADB-9ECF-41B8-AD5D-6DC7E974A9EC}.Release|Any CPU.ActiveCfg = Release|Any CPU
		{B65FFADB-9ECF-41B8-AD5D-6DC7E974A9EC}.Release|Any CPU.Build.0 = Release|Any CPU
		{09C8D375-5147-4E68-984C-B707A9E295E7}.Debug|Any CPU.ActiveCfg = Debug|Any CPU
		{09C8D375-5147-4E68-984C-B707A9E295E7}.Debug|Any CPU.Build.0 = Debug|Any CPU
		{09C8D375-5147-4E68-984C-B707A9E295E7}.Release|Any CPU.ActiveCfg = Release|Any CPU
		{09C8D375-5147-4E68-984C-B707A9E295E7}.Release|Any CPU.Build.0 = Release|Any CPU
		{854F2E98-4A06-482A-BEC3-4B59D6AA0B3E}.Debug|Any CPU.ActiveCfg = Debug|Any CPU
		{854F2E98-4A06-482A-BEC3-4B59D6AA0B3E}.Debug|Any CPU.Build.0 = Debug|Any CPU
		{854F2E98-4A06-482A-BEC3-4B59D6AA0B3E}.Release|Any CPU.ActiveCfg = Release|Any CPU
		{854F2E98-4A06-482A-BEC3-4B59D6AA0B3E}.Release|Any CPU.Build.0 = Release|Any CPU
		{1EF05F2B-5658-429C-AFF4-CA1956680383}.Debug|Any CPU.ActiveCfg = Debug|Any CPU
		{1EF05F2B-5658-429C-AFF4-CA1956680383}.Debug|Any CPU.Build.0 = Debug|Any CPU
		{1EF05F2B-5658-429C-AFF4-CA1956680383}.Release|Any CPU.ActiveCfg = Release|Any CPU
		{1EF05F2B-5658-429C-AFF4-CA1956680383}.Release|Any CPU.Build.0 = Release|Any CPU
	EndGlobalSection
	GlobalSection(SolutionProperties) = preSolution
		HideSolutionNode = FALSE
	EndGlobalSection
	GlobalSection(ExtensibilityGlobals) = postSolution
		SolutionGuid = {20B5009E-CC22-4DC1-89A9-05661C8963EA}
	EndGlobalSection
EndGlobal
